Microsoft Visual Studio Solution File, Format Version 12.00
# Visual Studio Version 17
VisualStudioVersion = 17.5.2.0
MinimumVisualStudioVersion = 10.0.40219.1
Project("{FAE04EC0-301F-11D3-BF4B-00C04F79EFBC}") = "LabelPrint", "LabelPrint.csproj", "{8EE79019-6C19-FAA6-3ADF-DBCC47084850}"
EndProject
Global
	GlobalSection(SolutionConfigurationPlatforms) = preSolution
		Debug|Any CPU = Debug|Any CPU
		Release|Any CPU = Release|Any CPU
	EndGlobalSection
	GlobalSection(ProjectConfigurationPlatforms) = postSolution
		{8EE79019-6C19-FAA6-3ADF-DBCC47084850}.Debug|Any CPU.ActiveCfg = Debug|Any CPU
		{8EE79019-6C19-FAA6-3ADF-DBCC47084850}.Debug|Any CPU.Build.0 = Debug|Any CPU
		{8EE79019-6C19-FAA6-3ADF-DBCC47084850}.Release|Any CPU.ActiveCfg = Release|Any CPU
		{8EE79019-6C19-FAA6-3ADF-DBCC47084850}.Release|Any CPU.Build.0 = Release|Any CPU
	EndGlobalSection
	GlobalSection(SolutionProperties) = preSolution
		HideSolutionNode = FALSE
	EndGlobalSection
	GlobalSection(ExtensibilityGlobals) = postSolution
		SolutionGuid = {E35F2BDC-D5F4-4569-88D5-82A84CA78662}
	EndGlobalSection
EndGlobal
